// !$*UTF8*$!
{
	archiveVersion = 1;
	classes = {
	};
	objectVersion = 55;
	objects = {

/* Begin PBXBuildFile section */
		4FB81DD528AA558600731E8E /* SubjDemoApp.swift in Sources */ = {isa = PBXBuildFile; fileRef = 4FB81DD428AA558600731E8E /* SubjDemoApp.swift */; };
		4FB81DD728AA558600731E8E /* RootView.swift in Sources */ = {isa = PBXBuildFile; fileRef = 4FB81DD628AA558600731E8E /* RootView.swift */; };
		4FB81DD928AA558700731E8E /* Assets.xcassets in Resources */ = {isa = PBXBuildFile; fileRef = 4FB81DD828AA558700731E8E /* Assets.xcassets */; };
		4FB81DDC28AA558700731E8E /* Preview Assets.xcassets in Resources */ = {isa = PBXBuildFile; fileRef = 4FB81DDB28AA558700731E8E /* Preview Assets.xcassets */; };
		4FB81DE428AA55F900731E8E /* OpenCombine in Frameworks */ = {isa = PBXBuildFile; productRef = 4FB81DE328AA55F900731E8E /* OpenCombine */; };
		4FB81DE628AA55F900731E8E /* OpenCombineDispatch in Frameworks */ = {isa = PBXBuildFile; productRef = 4FB81DE528AA55F900731E8E /* OpenCombineDispatch */; };
		4FB81DE828AA55F900731E8E /* OpenCombineFoundation in Frameworks */ = {isa = PBXBuildFile; productRef = 4FB81DE728AA55F900731E8E /* OpenCombineFoundation */; };
		4FB81DEA28AA55F900731E8E /* OpenCombineShim in Frameworks */ = {isa = PBXBuildFile; productRef = 4FB81DE928AA55F900731E8E /* OpenCombineShim */; };
		4FB81DEC28AA566D00731E8E /* RootCoordinator.swift in Sources */ = {isa = PBXBuildFile; fileRef = 4FB81DEB28AA566D00731E8E /* RootCoordinator.swift */; };
		4FB81DEE28AA576900731E8E /* ChildCoordinator.swift in Sources */ = {isa = PBXBuildFile; fileRef = 4FB81DED28AA576900731E8E /* ChildCoordinator.swift */; };
		4FB81DF028AA57AA00731E8E /* ChildView.swift in Sources */ = {isa = PBXBuildFile; fileRef = 4FB81DEF28AA57AA00731E8E /* ChildView.swift */; };
		4FB81DF228AA5A2600731E8E /* Service.swift in Sources */ = {isa = PBXBuildFile; fileRef = 4FB81DF128AA5A2600731E8E /* Service.swift */; };
/* End PBXBuildFile section */

/* Begin PBXFileReference section */
		4FB81DD128AA558600731E8E /* SubjDemo.app */ = {isa = PBXFileReference; explicitFileType = wrapper.application; includeInIndex = 0; path = SubjDemo.app; sourceTree = BUILT_PRODUCTS_DIR; };
		4FB81DD428AA558600731E8E /* SubjDemoApp.swift */ = {isa = PBXFileReference; lastKnownFileType = sourcecode.swift; path = SubjDemoApp.swift; sourceTree = "<group>"; };
		4FB81DD628AA558600731E8E /* RootView.swift */ = {isa = PBXFileReference; lastKnownFileType = sourcecode.swift; path = RootView.swift; sourceTree = "<group>"; };
		4FB81DD828AA558700731E8E /* Assets.xcassets */ = {isa = PBXFileReference; lastKnownFileType = folder.assetcatalog; path = Assets.xcassets; sourceTree = "<group>"; };
		4FB81DDB28AA558700731E8E /* Preview Assets.xcassets */ = {isa = PBXFileReference; lastKnownFileType = folder.assetcatalog; path = "Preview Assets.xcassets"; sourceTree = "<group>"; };
		4FB81DEB28AA566D00731E8E /* RootCoordinator.swift */ = {isa = PBXFileReference; lastKnownFileType = sourcecode.swift; path = RootCoordinator.swift; sourceTree = "<group>"; };
		4FB81DED28AA576900731E8E /* ChildCoordinator.swift */ = {isa = PBXFileReference; lastKnownFileType = sourcecode.swift; path = ChildCoordinator.swift; sourceTree = "<group>"; };
		4FB81DEF28AA57AA00731E8E /* ChildView.swift */ = {isa = PBXFileReference; lastKnownFileType = sourcecode.swift; path = ChildView.swift; sourceTree = "<group>"; };
		4FB81DF128AA5A2600731E8E /* Service.swift */ = {isa = PBXFileReference; lastKnownFileType = sourcecode.swift; path = Service.swift; sourceTree = "<group>"; };
/* End PBXFileReference section */

/* Begin PBXFrameworksBuildPhase section */
		4FB81DCE28AA558600731E8E /* Frameworks */ = {
			isa = PBXFrameworksBuildPhase;
			buildActionMask = 2147483647;
			files = (
				4FB81DE628AA55F900731E8E /* OpenCombineDispatch in Frameworks */,
				4FB81DE828AA55F900731E8E /* OpenCombineFoundation in Frameworks */,
				4FB81DE428AA55F900731E8E /* OpenCombine in Frameworks */,
				4FB81DEA28AA55F900731E8E /* OpenCombineShim in Frameworks */,
			);
			runOnlyForDeploymentPostprocessing = 0;
		};
/* End PBXFrameworksBuildPhase section */

/* Begin PBXGroup section */
		4FB81DC828AA558600731E8E = {
			isa = PBXGroup;
			children = (
				4FB81DD328AA558600731E8E /* SubjDemo */,
				4FB81DD228AA558600731E8E /* Products */,
			);
			sourceTree = "<group>";
		};
		4FB81DD228AA558600731E8E /* Products */ = {
			isa = PBXGroup;
			children = (
				4FB81DD128AA558600731E8E /* SubjDemo.app */,
			);
			name = Products;
			sourceTree = "<group>";
		};
		4FB81DD328AA558600731E8E /* SubjDemo */ = {
			isa = PBXGroup;
			children = (
				4FB81DD428AA558600731E8E /* SubjDemoApp.swift */,
				4FB81DEB28AA566D00731E8E /* RootCoordinator.swift */,
				4FB81DED28AA576900731E8E /* ChildCoordinator.swift */,
				4FB81DD628AA558600731E8E /* RootView.swift */,
				4FB81DEF28AA57AA00731E8E /* ChildView.swift */,
				4FB81DF128AA5A2600731E8E /* Service.swift */,
				4FB81DD828AA558700731E8E /* Assets.xcassets */,
				4FB81DDA28AA558700731E8E /* Preview Content */,
			);
			path = SubjDemo;
			sourceTree = "<group>";
		};
		4FB81DDA28AA558700731E8E /* Preview Content */ = {
			isa = PBXGroup;
			children = (
				4FB81DDB28AA558700731E8E /* Preview Assets.xcassets */,
			);
			path = "Preview Content";
			sourceTree = "<group>";
		};
/* End PBXGroup section */

/* Begin PBXNativeTarget section */
		4FB81DD028AA558600731E8E /* SubjDemo */ = {
			isa = PBXNativeTarget;
			buildConfigurationList = 4FB81DDF28AA558700731E8E /* Build configuration list for PBXNativeTarget "SubjDemo" */;
			buildPhases = (
				4FB81DCD28AA558600731E8E /* Sources */,
				4FB81DCE28AA558600731E8E /* Frameworks */,
				4FB81DCF28AA558600731E8E /* Resources */,
			);
			buildRules = (
			);
			dependencies = (
			);
			name = SubjDemo;
			packageProductDependencies = (
				4FB81DE328AA55F900731E8E /* OpenCombine */,
				4FB81DE528AA55F900731E8E /* OpenCombineDispatch */,
				4FB81DE728AA55F900731E8E /* OpenCombineFoundation */,
				4FB81DE928AA55F900731E8E /* OpenCombineShim */,
			);
			productName = SubjDemo;
			productReference = 4FB81DD128AA558600731E8E /* SubjDemo.app */;
			productType = "com.apple.product-type.application";
		};
/* End PBXNativeTarget section */

/* Begin PBXProject section */
		4FB81DC928AA558600731E8E /* Project object */ = {
			isa = PBXProject;
			attributes = {
				BuildIndependentTargetsInParallel = 1;
				LastSwiftUpdateCheck = 1340;
				LastUpgradeCheck = 1340;
				TargetAttributes = {
					4FB81DD028AA558600731E8E = {
						CreatedOnToolsVersion = 13.4.1;
					};
				};
			};
			buildConfigurationList = 4FB81DCC28AA558600731E8E /* Build configuration list for PBXProject "SubjDemo" */;
			compatibilityVersion = "Xcode 13.0";
			developmentRegion = en;
			hasScannedForEncodings = 0;
			knownRegions = (
				en,
				Base,
			);
			mainGroup = 4FB81DC828AA558600731E8E;
			packageReferences = (
				4FB81DE228AA55F900731E8E /* XCRemoteSwiftPackageReference "OpenCombine" */,
			);
			productRefGroup = 4FB81DD228AA558600731E8E /* Products */;
			projectDirPath = "";
			projectRoot = "";
			targets = (
				4FB81DD028AA558600731E8E /* SubjDemo */,
			);
		};
/* End PBXProject section */

/* Begin PBXResourcesBuildPhase section */
		4FB81DCF28AA558600731E8E /* Resources */ = {
			isa = PBXResourcesBuildPhase;
			buildActionMask = 2147483647;
			files = (
				4FB81DDC28AA558700731E8E /* Preview Assets.xcassets in Resources */,
				4FB81DD928AA558700731E8E /* Assets.xcassets in Resources */,
			);
			runOnlyForDeploymentPostprocessing = 0;
		};
/* End PBXResourcesBuildPhase section */

/* Begin PBXSourcesBuildPhase section */
		4FB81DCD28AA558600731E8E /* Sources */ = {
			isa = PBXSourcesBuildPhase;
			buildActionMask = 2147483647;
			files = (
				4FB81DEC28AA566D00731E8E /* RootCoordinator.swift in Sources */,
				4FB81DEE28AA576900731E8E /* ChildCoordinator.swift in Sources */,
				4FB81DD728AA558600731E8E /* RootView.swift in Sources */,
				4FB81DD528AA558600731E8E /* SubjDemoApp.swift in Sources */,
				4FB81DF028AA57AA00731E8E /* ChildView.swift in Sources */,
				4FB81DF228AA5A2600731E8E /* Service.swift in Sources */,
			);
			runOnlyForDeploymentPostprocessing = 0;
		};
/* End PBXSourcesBuildPhase section */

/* Begin XCBuildConfiguration section */
		4FB81DDD28AA558700731E8E /* Debug */ = {
			isa = XCBuildConfiguration;
			buildSettings = {
				ALWAYS_SEARCH_USER_PATHS = NO;
				CLANG_ANALYZER_NONNULL = YES;
				CLANG_ANALYZER_NUMBER_OBJECT_CONVERSION = YES_AGGRESSIVE;
				CLANG_CXX_LANGUAGE_STANDARD = "gnu++17";
				CLANG_ENABLE_MODULES = YES;
				CLANG_ENABLE_OBJC_ARC = YES;
				CLANG_ENABLE_OBJC_WEAK = YES;
				CLANG_WARN_BLOCK_CAPTURE_AUTORELEASING = YES;
				CLANG_WARN_BOOL_CONVERSION = YES;
				CLANG_WARN_COMMA = YES;
				CLANG_WARN_CONSTANT_CONVERSION = YES;
				CLANG_WARN_DEPRECATED_OBJC_IMPLEMENTATIONS = YES;
				CLANG_WARN_DIRECT_OBJC_ISA_USAGE = YES_ERROR;
				CLANG_WARN_DOCUMENTATION_COMMENTS = YES;
				CLANG_WARN_EMPTY_BODY = YES;
				CLANG_WARN_ENUM_CONVERSION = YES;
				CLANG_WARN_INFINITE_RECURSION = YES;
				CLANG_WARN_INT_CONVERSION = YES;
				CLANG_WARN_NON_LITERAL_NULL_CONVERSION = YES;
				CLANG_WARN_OBJC_IMPLICIT_RETAIN_SELF = YES;
				CLANG_WARN_OBJC_LITERAL_CONVERSION = YES;
				CLANG_WARN_OBJC_ROOT_CLASS = YES_ERROR;
				CLANG_WARN_QUOTED_INCLUDE_IN_FRAMEWORK_HEADER = YES;
				CLANG_WARN_RANGE_LOOP_ANALYSIS = YES;
				CLANG_WARN_STRICT_PROTOTYPES = YES;
				CLANG_WARN_SUSPICIOUS_MOVE = YES;
				CLANG_WARN_UNGUARDED_AVAILABILITY = YES_AGGRESSIVE;
				CLANG_WARN_UNREACHABLE_CODE = YES;
				CLANG_WARN__DUPLICATE_METHOD_MATCH = YES;
				COPY_PHASE_STRIP = NO;
				DEBUG_INFORMATION_FORMAT = dwarf;
				ENABLE_STRICT_OBJC_MSGSEND = YES;
				ENABLE_TESTABILITY = YES;
				GCC_C_LANGUAGE_STANDARD = gnu11;
				GCC_DYNAMIC_NO_PIC = NO;
				GCC_NO_COMMON_BLOCKS = YES;
				GCC_OPTIMIZATION_LEVEL = 0;
				GCC_PREPROCESSOR_DEFINITIONS = (
					"DEBUG=1",
					"$(inherited)",
				);
				GCC_WARN_64_TO_32_BIT_CONVERSION = YES;
				GCC_WARN_ABOUT_RETURN_TYPE = YES_ERROR;
				GCC_WARN_UNDECLARED_SELECTOR = YES;
				GCC_WARN_UNINITIALIZED_AUTOS = YES_AGGRESSIVE;
				GCC_WARN_UNUSED_FUNCTION = YES;
				GCC_WARN_UNUSED_VARIABLE = YES;
				IPHONEOS_DEPLOYMENT_TARGET = 15.5;
				MTL_ENABLE_DEBUG_INFO = INCLUDE_SOURCE;
				MTL_FAST_MATH = YES;
				ONLY_ACTIVE_ARCH = YES;
				SDKROOT = iphoneos;
				SWIFT_ACTIVE_COMPILATION_CONDITIONS = DEBUG;
				SWIFT_OPTIMIZATION_LEVEL = "-Onone";
			};
			name = Debug;
		};
		4FB81DDE28AA558700731E8E /* Release */ = {
			isa = XCBuildConfiguration;
			buildSettings = {
				ALWAYS_SEARCH_USER_PATHS = NO;
				CLANG_ANALYZER_NONNULL = YES;
				CLANG_ANALYZER_NUMBER_OBJECT_CONVERSION = YES_AGGRESSIVE;
				CLANG_CXX_LANGUAGE_STANDARD = "gnu++17";
				CLANG_ENABLE_MODULES = YES;
				CLANG_ENABLE_OBJC_ARC = YES;
				CLANG_ENABLE_OBJC_WEAK = YES;
				CLANG_WARN_BLOCK_CAPTURE_AUTORELEASING = YES;
				CLANG_WARN_BOOL_CONVERSION = YES;
				CLANG_WARN_COMMA = YES;
				CLANG_WARN_CONSTANT_CONVERSION = YES;
				CLANG_WARN_DEPRECATED_OBJC_IMPLEMENTATIONS = YES;
				CLANG_WARN_DIRECT_OBJC_ISA_USAGE = YES_ERROR;
				CLANG_WARN_DOCUMENTATION_COMMENTS = YES;
				CLANG_WARN_EMPTY_BODY = YES;
				CLANG_WARN_ENUM_CONVERSION = YES;
				CLANG_WARN_INFINITE_RECURSION = YES;
				CLANG_WARN_INT_CONVERSION = YES;
				CLANG_WARN_NON_LITERAL_NULL_CONVERSION = YES;
				CLANG_WARN_OBJC_IMPLICIT_RETAIN_SELF = YES;
				CLANG_WARN_OBJC_LITERAL_CONVERSION = YES;
				CLANG_WARN_OBJC_ROOT_CLASS = YES_ERROR;
				CLANG_WARN_QUOTED_INCLUDE_IN_FRAMEWORK_HEADER = YES;
				CLANG_WARN_RANGE_LOOP_ANALYSIS = YES;
				CLANG_WARN_STRICT_PROTOTYPES = YES;
				CLANG_WARN_SUSPICIOUS_MOVE = YES;
				CLANG_WARN_UNGUARDED_AVAILABILITY = YES_AGGRESSIVE;
				CLANG_WARN_UNREACHABLE_CODE = YES;
				CLANG_WARN__DUPLICATE_METHOD_MATCH = YES;
				COPY_PHASE_STRIP = NO;
				DEBUG_INFORMATION_FORMAT = "dwarf-with-dsym";
				ENABLE_NS_ASSERTIONS = NO;
				ENABLE_STRICT_OBJC_MSGSEND = YES;
				GCC_C_LANGUAGE_STANDARD = gnu11;
				GCC_NO_COMMON_BLOCKS = YES;
				GCC_WARN_64_TO_32_BIT_CONVERSION = YES;
				GCC_WARN_ABOUT_RETURN_TYPE = YES_ERROR;
				GCC_WARN_UNDECLARED_SELECTOR = YES;
				GCC_WARN_UNINITIALIZED_AUTOS = YES_AGGRESSIVE;
				GCC_WARN_UNUSED_FUNCTION = YES;
				GCC_WARN_UNUSED_VARIABLE = YES;
				IPHONEOS_DEPLOYMENT_TARGET = 15.5;
				MTL_ENABLE_DEBUG_INFO = NO;
				MTL_FAST_MATH = YES;
				SDKROOT = iphoneos;
				SWIFT_COMPILATION_MODE = wholemodule;
				SWIFT_OPTIMIZATION_LEVEL = "-O";
				VALIDATE_PRODUCT = YES;
			};
			name = Release;
		};
		4FB81DE028AA558700731E8E /* Debug */ = {
			isa = XCBuildConfiguration;
			buildSettings = {
				ASSETCATALOG_COMPILER_APPICON_NAME = AppIcon;
				ASSETCATALOG_COMPILER_GLOBAL_ACCENT_COLOR_NAME = AccentColor;
				CODE_SIGN_STYLE = Automatic;
				CURRENT_PROJECT_VERSION = 1;
				DEVELOPMENT_ASSET_PATHS = "\"SubjDemo/Preview Content\"";
				DEVELOPMENT_TEAM = P4KKE9Z2EJ;
				ENABLE_PREVIEWS = YES;
				GENERATE_INFOPLIST_FILE = YES;
				INFOPLIST_KEY_UIApplicationSceneManifest_Generation = YES;
				INFOPLIST_KEY_UIApplicationSupportsIndirectInputEvents = YES;
				INFOPLIST_KEY_UILaunchScreen_Generation = YES;
				INFOPLIST_KEY_UISupportedInterfaceOrientations_iPad = "UIInterfaceOrientationPortrait UIInterfaceOrientationPortraitUpsideDown UIInterfaceOrientationLandscapeLeft UIInterfaceOrientationLandscapeRight";
				INFOPLIST_KEY_UISupportedInterfaceOrientations_iPhone = "UIInterfaceOrientationPortrait UIInterfaceOrientationLandscapeLeft UIInterfaceOrientationLandscapeRight";
				LD_RUNPATH_SEARCH_PATHS = (
					"$(inherited)",
					"@executable_path/Frameworks",
				);
				MARKETING_VERSION = 1.0;
				PRODUCT_BUNDLE_IDENTIFIER = pinkstyx.SubjDemo;
				PRODUCT_NAME = "$(TARGET_NAME)";
				SWIFT_EMIT_LOC_STRINGS = YES;
				SWIFT_VERSION = 5.0;
				TARGETED_DEVICE_FAMILY = "1,2";
			};
			name = Debug;
		};
		4FB81DE128AA558700731E8E /* Release */ = {
			isa = XCBuildConfiguration;
			buildSettings = {
				ASSETCATALOG_COMPILER_APPICON_NAME = AppIcon;
				ASSETCATALOG_COMPILER_GLOBAL_ACCENT_COLOR_NAME = AccentColor;
				CODE_SIGN_STYLE = Automatic;
				CURRENT_PROJECT_VERSION = 1;
				DEVELOPMENT_ASSET_PATHS = "\"SubjDemo/Preview Content\"";
				DEVELOPMENT_TEAM = P4KKE9Z2EJ;
				ENABLE_PREVIEWS = YES;
				GENERATE_INFOPLIST_FILE = YES;
				INFOPLIST_KEY_UIApplicationSceneManifest_Generation = YES;
				INFOPLIST_KEY_UIApplicationSupportsIndirectInputEvents = YES;
				INFOPLIST_KEY_UILaunchScreen_Generation = YES;
				INFOPLIST_KEY_UISupportedInterfaceOrientations_iPad = "UIInterfaceOrientationPortrait UIInterfaceOrientationPortraitUpsideDown UIInterfaceOrientationLandscapeLeft UIInterfaceOrientationLandscapeRight";
				INFOPLIST_KEY_UISupportedInterfaceOrientations_iPhone = "UIInterfaceOrientationPortrait UIInterfaceOrientationLandscapeLeft UIInterfaceOrientationLandscapeRight";
				LD_RUNPATH_SEARCH_PATHS = (
					"$(inherited)",
					"@executable_path/Frameworks",
				);
				MARKETING_VERSION = 1.0;
				PRODUCT_BUNDLE_IDENTIFIER = pinkstyx.SubjDemo;
				PRODUCT_NAME = "$(TARGET_NAME)";
				SWIFT_EMIT_LOC_STRINGS = YES;
				SWIFT_VERSION = 5.0;
				TARGETED_DEVICE_FAMILY = "1,2";
			};
			name = Release;
		};
/* End XCBuildConfiguration section */

/* Begin XCConfigurationList section */
		4FB81DCC28AA558600731E8E /* Build configuration list for PBXProject "SubjDemo" */ = {
			isa = XCConfigurationList;
			buildConfigurations = (
				4FB81DDD28AA558700731E8E /* Debug */,
				4FB81DDE28AA558700731E8E /* Release */,
			);
			defaultConfigurationIsVisible = 0;
			defaultConfigurationName = Release;
		};
		4FB81DDF28AA558700731E8E /* Build configuration list for PBXNativeTarget "SubjDemo" */ = {
			isa = XCConfigurationList;
			buildConfigurations = (
				4FB81DE028AA558700731E8E /* Debug */,
				4FB81DE128AA558700731E8E /* Release */,
			);
			defaultConfigurationIsVisible = 0;
			defaultConfigurationName = Release;
		};
/* End XCConfigurationList section */

/* Begin XCRemoteSwiftPackageReference section */
		4FB81DE228AA55F900731E8E /* XCRemoteSwiftPackageReference "OpenCombine" */ = {
			isa = XCRemoteSwiftPackageReference;
			repositoryURL = "https://github.com/OpenCombine/OpenCombine.git";
			requirement = {
				kind = upToNextMajorVersion;
				minimumVersion = 0.13.0;
			};
		};
/* End XCRemoteSwiftPackageReference section */

/* Begin XCSwiftPackageProductDependency section */
		4FB81DE328AA55F900731E8E /* OpenCombine */ = {
			isa = XCSwiftPackageProductDependency;
			package = 4FB81DE228AA55F900731E8E /* XCRemoteSwiftPackageReference "OpenCombine" */;
			productName = OpenCombine;
		};
		4FB81DE528AA55F900731E8E /* OpenCombineDispatch */ = {
			isa = XCSwiftPackageProductDependency;
			package = 4FB81DE228AA55F900731E8E /* XCRemoteSwiftPackageReference "OpenCombine" */;
			productName = OpenCombineDispatch;
		};
		4FB81DE728AA55F900731E8E /* OpenCombineFoundation */ = {
			isa = XCSwiftPackageProductDependency;
			package = 4FB81DE228AA55F900731E8E /* XCRemoteSwiftPackageReference "OpenCombine" */;
			productName = OpenCombineFoundation;
		};
		4FB81DE928AA55F900731E8E /* OpenCombineShim */ = {
			isa = XCSwiftPackageProductDependency;
			package = 4FB81DE228AA55F900731E8E /* XCRemoteSwiftPackageReference "OpenCombine" */;
			productName = OpenCombineShim;
		};
/* End XCSwiftPackageProductDependency section */
	};
	rootObject = 4FB81DC928AA558600731E8E /* Project object */;
}
